// !$*UTF8*$!
{
	archiveVersion = 1;
	classes = {
	};
	objectVersion = 54;
	objects = {

/* Begin PBXBuildFile section */
		00E356F31AD99517003FC87E /* reactappTests.m in Sources */ = {isa = PBXBuildFile; fileRef = 00E356F21AD99517003FC87E /* reactappTests.m */; };
		13B07FBC1A68108700A75B9A /* AppDelegate.m in Sources */ = {isa = PBXBuildFile; fileRef = 13B07FB01A68108700A75B9A /* AppDelegate.m */; };
		13B07FBF1A68108700A75B9A /* Images.xcassets in Resources */ = {isa = PBXBuildFile; fileRef = 13B07FB51A68108700A75B9A /* Images.xcassets */; };
		13B07FC11A68108700A75B9A /* main.m in Sources */ = {isa = PBXBuildFile; fileRef = 13B07FB71A68108700A75B9A /* main.m */; };
		81AB9BB82411601600AC10FF /* LaunchScreen.storyboard in Resources */ = {isa = PBXBuildFile; fileRef = 81AB9BB72411601600AC10FF /* LaunchScreen.storyboard */; };
		6E553F8967FB429493DED121 /* AntDesign.ttf in Resources */ = {isa = PBXBuildFile; fileRef = 2F527ADE838A4BFD832A30BF /* AntDesign.ttf */; };
		55D314FA2C7B4BAD9F61C5F3 /* Entypo.ttf in Resources */ = {isa = PBXBuildFile; fileRef = EBEFDF2AA42D4AFE903C2230 /* Entypo.ttf */; };
		0C3AEBE4D1944BFBAE058FBA /* EvilIcons.ttf in Resources */ = {isa = PBXBuildFile; fileRef = ECAC5F9C1B5D4B2EA3CDE40D /* EvilIcons.ttf */; };
		5A1CC3800E8D4BD59BEECF80 /* Feather.ttf in Resources */ = {isa = PBXBuildFile; fileRef = 42F4BE5B86D845558717497B /* Feather.ttf */; };
		4EE7FF163A404CDB895BE18B /* FontAwesome.ttf in Resources */ = {isa = PBXBuildFile; fileRef = 88354264EA7D4728807DA2B2 /* FontAwesome.ttf */; };
		2D86C8967835438AAB67813D /* FontAwesome5_Brands.ttf in Resources */ = {isa = PBXBuildFile; fileRef = 6B963C11FD1E4A489C28A442 /* FontAwesome5_Brands.ttf */; };
		F0EC752CBEA14535B9454CBA /* FontAwesome5_Regular.ttf in Resources */ = {isa = PBXBuildFile; fileRef = 8A0DA83881D44EF39A6B1183 /* FontAwesome5_Regular.ttf */; };
		6334A90A925543F2BF69CEDF /* FontAwesome5_Solid.ttf in Resources */ = {isa = PBXBuildFile; fileRef = 92C3F0609E6645729733C70A /* FontAwesome5_Solid.ttf */; };
		260B7F6DD1EA4BC294390F28 /* Fontisto.ttf in Resources */ = {isa = PBXBuildFile; fileRef = F804C4BFADCB4C10AFD046C8 /* Fontisto.ttf */; };
		C94F0AB481E1485ABB9F7BE1 /* Foundation.ttf in Resources */ = {isa = PBXBuildFile; fileRef = AF55878194F940DABB2E2007 /* Foundation.ttf */; };
		DD8269035DA0464FBE435000 /* Ionicons.ttf in Resources */ = {isa = PBXBuildFile; fileRef = E0D4FB4701FE47B4A411034E /* Ionicons.ttf */; };
		0D2FEF5F0DFE49CDA9C428DA /* MaterialCommunityIcons.ttf in Resources */ = {isa = PBXBuildFile; fileRef = 3C489FFB14124D3EA48F6862 /* MaterialCommunityIcons.ttf */; };
		C724BF96E21945B1BB3B11C9 /* MaterialIcons.ttf in Resources */ = {isa = PBXBuildFile; fileRef = 00CA21CBCA484372AAACB181 /* MaterialIcons.ttf */; };
		DBFF8B6D0D8D428F86F0648A /* Octicons.ttf in Resources */ = {isa = PBXBuildFile; fileRef = C95A39E86E074C298663D238 /* Octicons.ttf */; };
		F00AD619B82B4DE0AE63C078 /* SimpleLineIcons.ttf in Resources */ = {isa = PBXBuildFile; fileRef = 2BD9D4FED43B417D867DDCE7 /* SimpleLineIcons.ttf */; };
		01D7E1AFEF0F42B3B59C309F /* Zocial.ttf in Resources */ = {isa = PBXBuildFile; fileRef = 3978885F745D49DF9B097A61 /* Zocial.ttf */; };
		1A4F0786063647D9B4C6B98D /* AntDesign.ttf in Resources */ = {isa = PBXBuildFile; fileRef = 7E73C8F5B3114DF68DE491BC /* AntDesign.ttf */; };
		D9FB9BE2D61241DFA9509C51 /* Entypo.ttf in Resources */ = {isa = PBXBuildFile; fileRef = 588AAD1FC0F6456384A7C862 /* Entypo.ttf */; };
		18055999E6D54A3B9EBA2A15 /* EvilIcons.ttf in Resources */ = {isa = PBXBuildFile; fileRef = 183C4D2E4B4645378F326654 /* EvilIcons.ttf */; };
		B9777509510D4CE9BBF7EC20 /* Feather.ttf in Resources */ = {isa = PBXBuildFile; fileRef = 017A92D7EE85410C8879280F /* Feather.ttf */; };
		6D3290331D1F4B6E824B1541 /* FontAwesome.ttf in Resources */ = {isa = PBXBuildFile; fileRef = 005C334E126042ABBACCF74F /* FontAwesome.ttf */; };
		F1118E76419F497387A4D447 /* FontAwesome5_Brands.ttf in Resources */ = {isa = PBXBuildFile; fileRef = 2D3ECD6CBF9F4FE58C504433 /* FontAwesome5_Brands.ttf */; };
		6C28D4991D9B403BB984842F /* FontAwesome5_Regular.ttf in Resources */ = {isa = PBXBuildFile; fileRef = DD38843D29234D67B6554197 /* FontAwesome5_Regular.ttf */; };
		6FEE653E83254D5389A0FE41 /* FontAwesome5_Solid.ttf in Resources */ = {isa = PBXBuildFile; fileRef = 4F4CE72787294E868D87AFFE /* FontAwesome5_Solid.ttf */; };
		D1A75595C90C4C76A13F8FBF /* Fontisto.ttf in Resources */ = {isa = PBXBuildFile; fileRef = 17A914C153AC493C8AE49362 /* Fontisto.ttf */; };
		665D39EAE6A94023B9C4FEDC /* Foundation.ttf in Resources */ = {isa = PBXBuildFile; fileRef = 19728603EDE04BA98D182EAD /* Foundation.ttf */; };
		8AF03BCB36704C7C8D9436A2 /* Ionicons.ttf in Resources */ = {isa = PBXBuildFile; fileRef = 230B5707D106437287C921BC /* Ionicons.ttf */; };
		CC5DB658E5A5458BAFA63CE4 /* Lao_Classic5.ttf in Resources */ = {isa = PBXBuildFile; fileRef = 5264C4ADB5A644F3BCF9FAF6 /* Lao_Classic5.ttf */; };
		333813E0FBF847BBA26F19F9 /* MaterialCommunityIcons.ttf in Resources */ = {isa = PBXBuildFile; fileRef = 7A2BC87038B6484CB2D6190C /* MaterialCommunityIcons.ttf */; };
		F497CC1383154D11A79AD708 /* MaterialIcons.ttf in Resources */ = {isa = PBXBuildFile; fileRef = 8CB7122A5FB64D26A09E6A46 /* MaterialIcons.ttf */; };
		F25FDA5B64AC4B868964EB03 /* NotoSansLao-Black.ttf in Resources */ = {isa = PBXBuildFile; fileRef = B5ED463227F140E3A08DB7E0 /* NotoSansLao-Black.ttf */; };
		6AE3CA3351304B90A31E193C /* NotoSansLao-Bold.ttf in Resources */ = {isa = PBXBuildFile; fileRef = 608C723CA17C4622A10D98BF /* NotoSansLao-Bold.ttf */; };
		986D48B49BDF41EAADA2CF07 /* NotoSansLao-Light.ttf in Resources */ = {isa = PBXBuildFile; fileRef = F3324A30586C4C319F5A7529 /* NotoSansLao-Light.ttf */; };
		F772D46A988C4B9890C3261C /* NotoSansLao-Regular.ttf in Resources */ = {isa = PBXBuildFile; fileRef = D73DFA26BA924A6CA44F6646 /* NotoSansLao-Regular.ttf */; };
		09147BC8A3B54DD5A337CF8E /* Octicons.ttf in Resources */ = {isa = PBXBuildFile; fileRef = 519C5141E3674625A82152CF /* Octicons.ttf */; };
		599DAC733DFA4BD897D4AE4C /* SimpleLineIcons.ttf in Resources */ = {isa = PBXBuildFile; fileRef = E096B4BFDE374E57A52CE20A /* SimpleLineIcons.ttf */; };
		66DFB5B5CF0F4D7D9048283E /* Zocial.ttf in Resources */ = {isa = PBXBuildFile; fileRef = B54DFB66F7F244DE9D6B99BD /* Zocial.ttf */; };
/* End PBXBuildFile section */

/* Begin PBXContainerItemProxy section */
		00E356F41AD99517003FC87E /* PBXContainerItemProxy */ = {
			isa = PBXContainerItemProxy;
			containerPortal = 83CBB9F71A601CBA00E9B192 /* Project object */;
			proxyType = 1;
			remoteGlobalIDString = 13B07F861A680F5B00A75B9A;
			remoteInfo = reactapp;
		};
/* End PBXContainerItemProxy section */

/* Begin PBXFileReference section */
		00E356EE1AD99517003FC87E /* reactappTests.xctest */ = {isa = PBXFileReference; explicitFileType = wrapper.cfbundle; includeInIndex = 0; path = reactappTests.xctest; sourceTree = BUILT_PRODUCTS_DIR; };
		00E356F11AD99517003FC87E /* Info.plist */ = {isa = PBXFileReference; lastKnownFileType = text.plist.xml; path = Info.plist; sourceTree = "<group>"; };
		00E356F21AD99517003FC87E /* reactappTests.m */ = {isa = PBXFileReference; lastKnownFileType = sourcecode.c.objc; path = reactappTests.m; sourceTree = "<group>"; };
		13B07F961A680F5B00A75B9A /* reactapp.app */ = {isa = PBXFileReference; explicitFileType = wrapper.application; includeInIndex = 0; path = reactapp.app; sourceTree = BUILT_PRODUCTS_DIR; };
		13B07FAF1A68108700A75B9A /* AppDelegate.h */ = {isa = PBXFileReference; fileEncoding = 4; lastKnownFileType = sourcecode.c.h; name = AppDelegate.h; path = reactapp/AppDelegate.h; sourceTree = "<group>"; };
		13B07FB01A68108700A75B9A /* AppDelegate.m */ = {isa = PBXFileReference; fileEncoding = 4; lastKnownFileType = sourcecode.c.objc; name = AppDelegate.m; path = reactapp/AppDelegate.m; sourceTree = "<group>"; };
		13B07FB51A68108700A75B9A /* Images.xcassets */ = {isa = PBXFileReference; lastKnownFileType = folder.assetcatalog; name = Images.xcassets; path = reactapp/Images.xcassets; sourceTree = "<group>"; };
		13B07FB61A68108700A75B9A /* Info.plist */ = {isa = PBXFileReference; fileEncoding = 4; lastKnownFileType = text.plist.xml; name = Info.plist; path = reactapp/Info.plist; sourceTree = "<group>"; };
		13B07FB71A68108700A75B9A /* main.m */ = {isa = PBXFileReference; fileEncoding = 4; lastKnownFileType = sourcecode.c.objc; name = main.m; path = reactapp/main.m; sourceTree = "<group>"; };
		81AB9BB72411601600AC10FF /* LaunchScreen.storyboard */ = {isa = PBXFileReference; fileEncoding = 4; lastKnownFileType = file.storyboard; name = LaunchScreen.storyboard; path = reactapp/LaunchScreen.storyboard; sourceTree = "<group>"; };
		ED297162215061F000B7C4FE /* JavaScriptCore.framework */ = {isa = PBXFileReference; lastKnownFileType = wrapper.framework; name = JavaScriptCore.framework; path = System/Library/Frameworks/JavaScriptCore.framework; sourceTree = SDKROOT; };
		2F527ADE838A4BFD832A30BF /* AntDesign.ttf */ = {isa = PBXFileReference; name = "AntDesign.ttf"; path = "../node_modules/react-native-vector-icons/Fonts/AntDesign.ttf"; sourceTree = "<group>"; fileEncoding = undefined; lastKnownFileType = unknown; explicitFileType = undefined; includeInIndex = 0; };
		EBEFDF2AA42D4AFE903C2230 /* Entypo.ttf */ = {isa = PBXFileReference; name = "Entypo.ttf"; path = "../node_modules/react-native-vector-icons/Fonts/Entypo.ttf"; sourceTree = "<group>"; fileEncoding = undefined; lastKnownFileType = unknown; explicitFileType = undefined; includeInIndex = 0; };
		ECAC5F9C1B5D4B2EA3CDE40D /* EvilIcons.ttf */ = {isa = PBXFileReference; name = "EvilIcons.ttf"; path = "../node_modules/react-native-vector-icons/Fonts/EvilIcons.ttf"; sourceTree = "<group>"; fileEncoding = undefined; lastKnownFileType = unknown; explicitFileType = undefined; includeInIndex = 0; };
		42F4BE5B86D845558717497B /* Feather.ttf */ = {isa = PBXFileReference; name = "Feather.ttf"; path = "../node_modules/react-native-vector-icons/Fonts/Feather.ttf"; sourceTree = "<group>"; fileEncoding = undefined; lastKnownFileType = unknown; explicitFileType = undefined; includeInIndex = 0; };
		88354264EA7D4728807DA2B2 /* FontAwesome.ttf */ = {isa = PBXFileReference; name = "FontAwesome.ttf"; path = "../node_modules/react-native-vector-icons/Fonts/FontAwesome.ttf"; sourceTree = "<group>"; fileEncoding = undefined; lastKnownFileType = unknown; explicitFileType = undefined; includeInIndex = 0; };
		6B963C11FD1E4A489C28A442 /* FontAwesome5_Brands.ttf */ = {isa = PBXFileReference; name = "FontAwesome5_Brands.ttf"; path = "../node_modules/react-native-vector-icons/Fonts/FontAwesome5_Brands.ttf"; sourceTree = "<group>"; fileEncoding = undefined; lastKnownFileType = unknown; explicitFileType = undefined; includeInIndex = 0; };
		8A0DA83881D44EF39A6B1183 /* FontAwesome5_Regular.ttf */ = {isa = PBXFileReference; name = "FontAwesome5_Regular.ttf"; path = "../node_modules/react-native-vector-icons/Fonts/FontAwesome5_Regular.ttf"; sourceTree = "<group>"; fileEncoding = undefined; lastKnownFileType = unknown; explicitFileType = undefined; includeInIndex = 0; };
		92C3F0609E6645729733C70A /* FontAwesome5_Solid.ttf */ = {isa = PBXFileReference; name = "FontAwesome5_Solid.ttf"; path = "../node_modules/react-native-vector-icons/Fonts/FontAwesome5_Solid.ttf"; sourceTree = "<group>"; fileEncoding = undefined; lastKnownFileType = unknown; explicitFileType = undefined; includeInIndex = 0; };
		F804C4BFADCB4C10AFD046C8 /* Fontisto.ttf */ = {isa = PBXFileReference; name = "Fontisto.ttf"; path = "../node_modules/react-native-vector-icons/Fonts/Fontisto.ttf"; sourceTree = "<group>"; fileEncoding = undefined; lastKnownFileType = unknown; explicitFileType = undefined; includeInIndex = 0; };
		AF55878194F940DABB2E2007 /* Foundation.ttf */ = {isa = PBXFileReference; name = "Foundation.ttf"; path = "../node_modules/react-native-vector-icons/Fonts/Foundation.ttf"; sourceTree = "<group>"; fileEncoding = undefined; lastKnownFileType = unknown; explicitFileType = undefined; includeInIndex = 0; };
		E0D4FB4701FE47B4A411034E /* Ionicons.ttf */ = {isa = PBXFileReference; name = "Ionicons.ttf"; path = "../node_modules/react-native-vector-icons/Fonts/Ionicons.ttf"; sourceTree = "<group>"; fileEncoding = undefined; lastKnownFileType = unknown; explicitFileType = undefined; includeInIndex = 0; };
		3C489FFB14124D3EA48F6862 /* MaterialCommunityIcons.ttf */ = {isa = PBXFileReference; name = "MaterialCommunityIcons.ttf"; path = "../node_modules/react-native-vector-icons/Fonts/MaterialCommunityIcons.ttf"; sourceTree = "<group>"; fileEncoding = undefined; lastKnownFileType = unknown; explicitFileType = undefined; includeInIndex = 0; };
		00CA21CBCA484372AAACB181 /* MaterialIcons.ttf */ = {isa = PBXFileReference; name = "MaterialIcons.ttf"; path = "../node_modules/react-native-vector-icons/Fonts/MaterialIcons.ttf"; sourceTree = "<group>"; fileEncoding = undefined; lastKnownFileType = unknown; explicitFileType = undefined; includeInIndex = 0; };
		C95A39E86E074C298663D238 /* Octicons.ttf */ = {isa = PBXFileReference; name = "Octicons.ttf"; path = "../node_modules/react-native-vector-icons/Fonts/Octicons.ttf"; sourceTree = "<group>"; fileEncoding = undefined; lastKnownFileType = unknown; explicitFileType = undefined; includeInIndex = 0; };
		2BD9D4FED43B417D867DDCE7 /* SimpleLineIcons.ttf */ = {isa = PBXFileReference; name = "SimpleLineIcons.ttf"; path = "../node_modules/react-native-vector-icons/Fonts/SimpleLineIcons.ttf"; sourceTree = "<group>"; fileEncoding = undefined; lastKnownFileType = unknown; explicitFileType = undefined; includeInIndex = 0; };
		3978885F745D49DF9B097A61 /* Zocial.ttf */ = {isa = PBXFileReference; name = "Zocial.ttf"; path = "../node_modules/react-native-vector-icons/Fonts/Zocial.ttf"; sourceTree = "<group>"; fileEncoding = undefined; lastKnownFileType = unknown; explicitFileType = undefined; includeInIndex = 0; };
		7E73C8F5B3114DF68DE491BC /* AntDesign.ttf */ = {isa = PBXFileReference; name = "AntDesign.ttf"; path = "../android/app/src/main/assets/fonts/AntDesign.ttf"; sourceTree = "<group>"; fileEncoding = undefined; lastKnownFileType = unknown; explicitFileType = undefined; includeInIndex = 0; };
		588AAD1FC0F6456384A7C862 /* Entypo.ttf */ = {isa = PBXFileReference; name = "Entypo.ttf"; path = "../android/app/src/main/assets/fonts/Entypo.ttf"; sourceTree = "<group>"; fileEncoding = undefined; lastKnownFileType = unknown; explicitFileType = undefined; includeInIndex = 0; };
		183C4D2E4B4645378F326654 /* EvilIcons.ttf */ = {isa = PBXFileReference; name = "EvilIcons.ttf"; path = "../android/app/src/main/assets/fonts/EvilIcons.ttf"; sourceTree = "<group>"; fileEncoding = undefined; lastKnownFileType = unknown; explicitFileType = undefined; includeInIndex = 0; };
		017A92D7EE85410C8879280F /* Feather.ttf */ = {isa = PBXFileReference; name = "Feather.ttf"; path = "../android/app/src/main/assets/fonts/Feather.ttf"; sourceTree = "<group>"; fileEncoding = undefined; lastKnownFileType = unknown; explicitFileType = undefined; includeInIndex = 0; };
		005C334E126042ABBACCF74F /* FontAwesome.ttf */ = {isa = PBXFileReference; name = "FontAwesome.ttf"; path = "../android/app/src/main/assets/fonts/FontAwesome.ttf"; sourceTree = "<group>"; fileEncoding = undefined; lastKnownFileType = unknown; explicitFileType = undefined; includeInIndex = 0; };
		2D3ECD6CBF9F4FE58C504433 /* FontAwesome5_Brands.ttf */ = {isa = PBXFileReference; name = "FontAwesome5_Brands.ttf"; path = "../android/app/src/main/assets/fonts/FontAwesome5_Brands.ttf"; sourceTree = "<group>"; fileEncoding = undefined; lastKnownFileType = unknown; explicitFileType = undefined; includeInIndex = 0; };
		DD38843D29234D67B6554197 /* FontAwesome5_Regular.ttf */ = {isa = PBXFileReference; name = "FontAwesome5_Regular.ttf"; path = "../android/app/src/main/assets/fonts/FontAwesome5_Regular.ttf"; sourceTree = "<group>"; fileEncoding = undefined; lastKnownFileType = unknown; explicitFileType = undefined; includeInIndex = 0; };
		4F4CE72787294E868D87AFFE /* FontAwesome5_Solid.ttf */ = {isa = PBXFileReference; name = "FontAwesome5_Solid.ttf"; path = "../android/app/src/main/assets/fonts/FontAwesome5_Solid.ttf"; sourceTree = "<group>"; fileEncoding = undefined; lastKnownFileType = unknown; explicitFileType = undefined; includeInIndex = 0; };
		17A914C153AC493C8AE49362 /* Fontisto.ttf */ = {isa = PBXFileReference; name = "Fontisto.ttf"; path = "../android/app/src/main/assets/fonts/Fontisto.ttf"; sourceTree = "<group>"; fileEncoding = undefined; lastKnownFileType = unknown; explicitFileType = undefined; includeInIndex = 0; };
		19728603EDE04BA98D182EAD /* Foundation.ttf */ = {isa = PBXFileReference; name = "Foundation.ttf"; path = "../android/app/src/main/assets/fonts/Foundation.ttf"; sourceTree = "<group>"; fileEncoding = undefined; lastKnownFileType = unknown; explicitFileType = undefined; includeInIndex = 0; };
		230B5707D106437287C921BC /* Ionicons.ttf */ = {isa = PBXFileReference; name = "Ionicons.ttf"; path = "../android/app/src/main/assets/fonts/Ionicons.ttf"; sourceTree = "<group>"; fileEncoding = undefined; lastKnownFileType = unknown; explicitFileType = undefined; includeInIndex = 0; };
		5264C4ADB5A644F3BCF9FAF6 /* Lao_Classic5.ttf */ = {isa = PBXFileReference; name = "Lao_Classic5.ttf"; path = "../android/app/src/main/assets/fonts/Lao_Classic5.ttf"; sourceTree = "<group>"; fileEncoding = undefined; lastKnownFileType = unknown; explicitFileType = undefined; includeInIndex = 0; };
		7A2BC87038B6484CB2D6190C /* MaterialCommunityIcons.ttf */ = {isa = PBXFileReference; name = "MaterialCommunityIcons.ttf"; path = "../android/app/src/main/assets/fonts/MaterialCommunityIcons.ttf"; sourceTree = "<group>"; fileEncoding = undefined; lastKnownFileType = unknown; explicitFileType = undefined; includeInIndex = 0; };
		8CB7122A5FB64D26A09E6A46 /* MaterialIcons.ttf */ = {isa = PBXFileReference; name = "MaterialIcons.ttf"; path = "../android/app/src/main/assets/fonts/MaterialIcons.ttf"; sourceTree = "<group>"; fileEncoding = undefined; lastKnownFileType = unknown; explicitFileType = undefined; includeInIndex = 0; };
		B5ED463227F140E3A08DB7E0 /* NotoSansLao-Black.ttf */ = {isa = PBXFileReference; name = "NotoSansLao-Black.ttf"; path = "../android/app/src/main/assets/fonts/NotoSansLao-Black.ttf"; sourceTree = "<group>"; fileEncoding = undefined; lastKnownFileType = unknown; explicitFileType = undefined; includeInIndex = 0; };
		608C723CA17C4622A10D98BF /* NotoSansLao-Bold.ttf */ = {isa = PBXFileReference; name = "NotoSansLao-Bold.ttf"; path = "../android/app/src/main/assets/fonts/NotoSansLao-Bold.ttf"; sourceTree = "<group>"; fileEncoding = undefined; lastKnownFileType = unknown; explicitFileType = undefined; includeInIndex = 0; };
		F3324A30586C4C319F5A7529 /* NotoSansLao-Light.ttf */ = {isa = PBXFileReference; name = "NotoSansLao-Light.ttf"; path = "../android/app/src/main/assets/fonts/NotoSansLao-Light.ttf"; sourceTree = "<group>"; fileEncoding = undefined; lastKnownFileType = unknown; explicitFileType = undefined; includeInIndex = 0; };
		D73DFA26BA924A6CA44F6646 /* NotoSansLao-Regular.ttf */ = {isa = PBXFileReference; name = "NotoSansLao-Regular.ttf"; path = "../android/app/src/main/assets/fonts/NotoSansLao-Regular.ttf"; sourceTree = "<group>"; fileEncoding = undefined; lastKnownFileType = unknown; explicitFileType = undefined; includeInIndex = 0; };
		519C5141E3674625A82152CF /* Octicons.ttf */ = {isa = PBXFileReference; name = "Octicons.ttf"; path = "../android/app/src/main/assets/fonts/Octicons.ttf"; sourceTree = "<group>"; fileEncoding = undefined; lastKnownFileType = unknown; explicitFileType = undefined; includeInIndex = 0; };
		E096B4BFDE374E57A52CE20A /* SimpleLineIcons.ttf */ = {isa = PBXFileReference; name = "SimpleLineIcons.ttf"; path = "../android/app/src/main/assets/fonts/SimpleLineIcons.ttf"; sourceTree = "<group>"; fileEncoding = undefined; lastKnownFileType = unknown; explicitFileType = undefined; includeInIndex = 0; };
		B54DFB66F7F244DE9D6B99BD /* Zocial.ttf */ = {isa = PBXFileReference; name = "Zocial.ttf"; path = "../android/app/src/main/assets/fonts/Zocial.ttf"; sourceTree = "<group>"; fileEncoding = undefined; lastKnownFileType = unknown; explicitFileType = undefined; includeInIndex = 0; };
/* End PBXFileReference section */

/* Begin PBXFrameworksBuildPhase section */
		00E356EB1AD99517003FC87E /* Frameworks */ = {
			isa = PBXFrameworksBuildPhase;
			buildActionMask = 2147483647;
			files = (
			);
			runOnlyForDeploymentPostprocessing = 0;
		};
		13B07F8C1A680F5B00A75B9A /* Frameworks */ = {
			isa = PBXFrameworksBuildPhase;
			buildActionMask = 2147483647;
			files = (
			);
			runOnlyForDeploymentPostprocessing = 0;
		};
/* End PBXFrameworksBuildPhase section */

/* Begin PBXGroup section */
		00E356EF1AD99517003FC87E /* reactappTests */ = {
			isa = PBXGroup;
			children = (
				00E356F21AD99517003FC87E /* reactappTests.m */,
				00E356F01AD99517003FC87E /* Supporting Files */,
			);
			path = reactappTests;
			sourceTree = "<group>";
		};
		00E356F01AD99517003FC87E /* Supporting Files */ = {
			isa = PBXGroup;
			children = (
				00E356F11AD99517003FC87E /* Info.plist */,
			);
			name = "Supporting Files";
			sourceTree = "<group>";
		};
		13B07FAE1A68108700A75B9A /* reactapp */ = {
			isa = PBXGroup;
			children = (
				13B07FAF1A68108700A75B9A /* AppDelegate.h */,
				13B07FB01A68108700A75B9A /* AppDelegate.m */,
				13B07FB51A68108700A75B9A /* Images.xcassets */,
				13B07FB61A68108700A75B9A /* Info.plist */,
				81AB9BB72411601600AC10FF /* LaunchScreen.storyboard */,
				13B07FB71A68108700A75B9A /* main.m */,
			);
			name = reactapp;
			sourceTree = "<group>";
		};
		2D16E6871FA4F8E400B85C8A /* Frameworks */ = {
			isa = PBXGroup;
			children = (
				ED297162215061F000B7C4FE /* JavaScriptCore.framework */,
			);
			name = Frameworks;
			sourceTree = "<group>";
		};
		832341AE1AAA6A7D00B99B32 /* Libraries */ = {
			isa = PBXGroup;
			children = (
			);
			name = Libraries;
			sourceTree = "<group>";
		};
		83CBB9F61A601CBA00E9B192 = {
			isa = PBXGroup;
			children = (
				13B07FAE1A68108700A75B9A /* reactapp */,
				832341AE1AAA6A7D00B99B32 /* Libraries */,
				00E356EF1AD99517003FC87E /* reactappTests */,
				83CBBA001A601CBA00E9B192 /* Products */,
				2D16E6871FA4F8E400B85C8A /* Frameworks */,
				FB1ED36D19864AB5B0FDA325 /* Resources */,
			);
			indentWidth = 2;
			sourceTree = "<group>";
			tabWidth = 2;
			usesTabs = 0;
		};
		83CBBA001A601CBA00E9B192 /* Products */ = {
			isa = PBXGroup;
			children = (
				13B07F961A680F5B00A75B9A /* reactapp.app */,
				00E356EE1AD99517003FC87E /* reactappTests.xctest */,
			);
			name = Products;
			sourceTree = "<group>";
		};
		FB1ED36D19864AB5B0FDA325 /* Resources */ = {
			isa = "PBXGroup";
			children = (
				2F527ADE838A4BFD832A30BF /* AntDesign.ttf */,
				EBEFDF2AA42D4AFE903C2230 /* Entypo.ttf */,
				ECAC5F9C1B5D4B2EA3CDE40D /* EvilIcons.ttf */,
				42F4BE5B86D845558717497B /* Feather.ttf */,
				88354264EA7D4728807DA2B2 /* FontAwesome.ttf */,
				6B963C11FD1E4A489C28A442 /* FontAwesome5_Brands.ttf */,
				8A0DA83881D44EF39A6B1183 /* FontAwesome5_Regular.ttf */,
				92C3F0609E6645729733C70A /* FontAwesome5_Solid.ttf */,
				F804C4BFADCB4C10AFD046C8 /* Fontisto.ttf */,
				AF55878194F940DABB2E2007 /* Foundation.ttf */,
				E0D4FB4701FE47B4A411034E /* Ionicons.ttf */,
				3C489FFB14124D3EA48F6862 /* MaterialCommunityIcons.ttf */,
				00CA21CBCA484372AAACB181 /* MaterialIcons.ttf */,
				C95A39E86E074C298663D238 /* Octicons.ttf */,
				2BD9D4FED43B417D867DDCE7 /* SimpleLineIcons.ttf */,
				3978885F745D49DF9B097A61 /* Zocial.ttf */,
				7E73C8F5B3114DF68DE491BC /* AntDesign.ttf */,
				588AAD1FC0F6456384A7C862 /* Entypo.ttf */,
				183C4D2E4B4645378F326654 /* EvilIcons.ttf */,
				017A92D7EE85410C8879280F /* Feather.ttf */,
				005C334E126042ABBACCF74F /* FontAwesome.ttf */,
				2D3ECD6CBF9F4FE58C504433 /* FontAwesome5_Brands.ttf */,
				DD38843D29234D67B6554197 /* FontAwesome5_Regular.ttf */,
				4F4CE72787294E868D87AFFE /* FontAwesome5_Solid.ttf */,
				17A914C153AC493C8AE49362 /* Fontisto.ttf */,
				19728603EDE04BA98D182EAD /* Foundation.ttf */,
				230B5707D106437287C921BC /* Ionicons.ttf */,
				5264C4ADB5A644F3BCF9FAF6 /* Lao_Classic5.ttf */,
				7A2BC87038B6484CB2D6190C /* MaterialCommunityIcons.ttf */,
				8CB7122A5FB64D26A09E6A46 /* MaterialIcons.ttf */,
				B5ED463227F140E3A08DB7E0 /* NotoSansLao-Black.ttf */,
				608C723CA17C4622A10D98BF /* NotoSansLao-Bold.ttf */,
				F3324A30586C4C319F5A7529 /* NotoSansLao-Light.ttf */,
				D73DFA26BA924A6CA44F6646 /* NotoSansLao-Regular.ttf */,
				519C5141E3674625A82152CF /* Octicons.ttf */,
				E096B4BFDE374E57A52CE20A /* SimpleLineIcons.ttf */,
				B54DFB66F7F244DE9D6B99BD /* Zocial.ttf */,
			);
			name = Resources;
			sourceTree = "<group>";
			path = "";
		};
/* End PBXGroup section */

/* Begin PBXNativeTarget section */
		00E356ED1AD99517003FC87E /* reactappTests */ = {
			isa = PBXNativeTarget;
			buildConfigurationList = 00E357021AD99517003FC87E /* Build configuration list for PBXNativeTarget "reactappTests" */;
			buildPhases = (
				00E356EA1AD99517003FC87E /* Sources */,
				00E356EB1AD99517003FC87E /* Frameworks */,
				00E356EC1AD99517003FC87E /* Resources */,
			);
			buildRules = (
			);
			dependencies = (
				00E356F51AD99517003FC87E /* PBXTargetDependency */,
			);
			name = reactappTests;
			productName = reactappTests;
			productReference = 00E356EE1AD99517003FC87E /* reactappTests.xctest */;
			productType = "com.apple.product-type.bundle.unit-test";
		};
		13B07F861A680F5B00A75B9A /* reactapp */ = {
			isa = PBXNativeTarget;
			buildConfigurationList = 13B07F931A680F5B00A75B9A /* Build configuration list for PBXNativeTarget "reactapp" */;
			buildPhases = (
				FD10A7F022414F080027D42C /* Start Packager */,
				13B07F871A680F5B00A75B9A /* Sources */,
				13B07F8C1A680F5B00A75B9A /* Frameworks */,
				13B07F8E1A680F5B00A75B9A /* Resources */,
				00DD1BFF1BD5951E006B06BC /* Bundle React Native code and images */,
			);
			buildRules = (
			);
			dependencies = (
			);
			name = reactapp;
			productName = reactapp;
			productReference = 13B07F961A680F5B00A75B9A /* reactapp.app */;
			productType = "com.apple.product-type.application";
		};
/* End PBXNativeTarget section */

/* Begin PBXProject section */
		83CBB9F71A601CBA00E9B192 /* Project object */ = {
			isa = PBXProject;
			attributes = {
				LastUpgradeCheck = 1210;
				TargetAttributes = {
					00E356ED1AD99517003FC87E = {
						CreatedOnToolsVersion = 6.2;
						TestTargetID = 13B07F861A680F5B00A75B9A;
					};
					13B07F861A680F5B00A75B9A = {
						LastSwiftMigration = 1120;
					};
				};
			};
			buildConfigurationList = 83CBB9FA1A601CBA00E9B192 /* Build configuration list for PBXProject "reactapp" */;
			compatibilityVersion = "Xcode 12.0";
			developmentRegion = en;
			hasScannedForEncodings = 0;
			knownRegions = (
				en,
				Base,
			);
			mainGroup = 83CBB9F61A601CBA00E9B192;
			productRefGroup = 83CBBA001A601CBA00E9B192 /* Products */;
			projectDirPath = "";
			projectRoot = "";
			targets = (
				13B07F861A680F5B00A75B9A /* reactapp */,
				00E356ED1AD99517003FC87E /* reactappTests */,
			);
		};
/* End PBXProject section */

/* Begin PBXResourcesBuildPhase section */
		00E356EC1AD99517003FC87E /* Resources */ = {
			isa = PBXResourcesBuildPhase;
			buildActionMask = 2147483647;
			files = (
			);
			runOnlyForDeploymentPostprocessing = 0;
		};
		13B07F8E1A680F5B00A75B9A /* Resources */ = {
			isa = PBXResourcesBuildPhase;
			buildActionMask = 2147483647;
			files = (
				81AB9BB82411601600AC10FF /* LaunchScreen.storyboard in Resources */,
				13B07FBF1A68108700A75B9A /* Images.xcassets in Resources */,
				6E553F8967FB429493DED121 /* AntDesign.ttf in Resources */,
				55D314FA2C7B4BAD9F61C5F3 /* Entypo.ttf in Resources */,
				0C3AEBE4D1944BFBAE058FBA /* EvilIcons.ttf in Resources */,
				5A1CC3800E8D4BD59BEECF80 /* Feather.ttf in Resources */,
				4EE7FF163A404CDB895BE18B /* FontAwesome.ttf in Resources */,
				2D86C8967835438AAB67813D /* FontAwesome5_Brands.ttf in Resources */,
				F0EC752CBEA14535B9454CBA /* FontAwesome5_Regular.ttf in Resources */,
				6334A90A925543F2BF69CEDF /* FontAwesome5_Solid.ttf in Resources */,
				260B7F6DD1EA4BC294390F28 /* Fontisto.ttf in Resources */,
				C94F0AB481E1485ABB9F7BE1 /* Foundation.ttf in Resources */,
				DD8269035DA0464FBE435000 /* Ionicons.ttf in Resources */,
				0D2FEF5F0DFE49CDA9C428DA /* MaterialCommunityIcons.ttf in Resources */,
				C724BF96E21945B1BB3B11C9 /* MaterialIcons.ttf in Resources */,
				DBFF8B6D0D8D428F86F0648A /* Octicons.ttf in Resources */,
				F00AD619B82B4DE0AE63C078 /* SimpleLineIcons.ttf in Resources */,
				01D7E1AFEF0F42B3B59C309F /* Zocial.ttf in Resources */,
				1A4F0786063647D9B4C6B98D /* AntDesign.ttf in Resources */,
				D9FB9BE2D61241DFA9509C51 /* Entypo.ttf in Resources */,
				18055999E6D54A3B9EBA2A15 /* EvilIcons.ttf in Resources */,
				B9777509510D4CE9BBF7EC20 /* Feather.ttf in Resources */,
				6D3290331D1F4B6E824B1541 /* FontAwesome.ttf in Resources */,
				F1118E76419F497387A4D447 /* FontAwesome5_Brands.ttf in Resources */,
				6C28D4991D9B403BB984842F /* FontAwesome5_Regular.ttf in Resources */,
				6FEE653E83254D5389A0FE41 /* FontAwesome5_Solid.ttf in Resources */,
				D1A75595C90C4C76A13F8FBF /* Fontisto.ttf in Resources */,
				665D39EAE6A94023B9C4FEDC /* Foundation.ttf in Resources */,
				8AF03BCB36704C7C8D9436A2 /* Ionicons.ttf in Resources */,
				CC5DB658E5A5458BAFA63CE4 /* Lao_Classic5.ttf in Resources */,
				333813E0FBF847BBA26F19F9 /* MaterialCommunityIcons.ttf in Resources */,
				F497CC1383154D11A79AD708 /* MaterialIcons.ttf in Resources */,
				F25FDA5B64AC4B868964EB03 /* NotoSansLao-Black.ttf in Resources */,
				6AE3CA3351304B90A31E193C /* NotoSansLao-Bold.ttf in Resources */,
				986D48B49BDF41EAADA2CF07 /* NotoSansLao-Light.ttf in Resources */,
				F772D46A988C4B9890C3261C /* NotoSansLao-Regular.ttf in Resources */,
				09147BC8A3B54DD5A337CF8E /* Octicons.ttf in Resources */,
				599DAC733DFA4BD897D4AE4C /* SimpleLineIcons.ttf in Resources */,
				66DFB5B5CF0F4D7D9048283E /* Zocial.ttf in Resources */,
			);
			runOnlyForDeploymentPostprocessing = 0;
		};
/* End PBXResourcesBuildPhase section */

/* Begin PBXShellScriptBuildPhase section */
		00DD1BFF1BD5951E006B06BC /* Bundle React Native code and images */ = {
			isa = PBXShellScriptBuildPhase;
			buildActionMask = 2147483647;
			files = (
			);
			inputPaths = (
			);
			name = "Bundle React Native code and images";
			outputPaths = (
			);
			runOnlyForDeploymentPostprocessing = 0;
			shellPath = /bin/sh;
			shellScript = "set -e\n\nexport NODE_BINARY=node\n../node_modules/react-native/scripts/react-native-xcode.sh\n";
		};
		FD10A7F022414F080027D42C /* Start Packager */ = {
			isa = PBXShellScriptBuildPhase;
			buildActionMask = 2147483647;
			files = (
			);
			inputFileListPaths = (
			);
			inputPaths = (
			);
			name = "Start Packager";
			outputFileListPaths = (
			);
			outputPaths = (
			);
			runOnlyForDeploymentPostprocessing = 0;
			shellPath = /bin/sh;
			shellScript = "export RCT_METRO_PORT=\"${RCT_METRO_PORT:=8081}\"\necho \"export RCT_METRO_PORT=${RCT_METRO_PORT}\" > \"${SRCROOT}/../node_modules/react-native/scripts/.packager.env\"\nif [ -z \"${RCT_NO_LAUNCH_PACKAGER+xxx}\" ] ; then\n  if nc -w 5 -z localhost ${RCT_METRO_PORT} ; then\n    if ! curl -s \"http://localhost:${RCT_METRO_PORT}/status\" | grep -q \"packager-status:running\" ; then\n      echo \"Port ${RCT_METRO_PORT} already in use, packager is either not running or not running correctly\"\n      exit 2\n    fi\n  else\n    open \"$SRCROOT/../node_modules/react-native/scripts/launchPackager.command\" || echo \"Can't start packager automatically\"\n  fi\nfi\n";
			showEnvVarsInLog = 0;
		};
/* End PBXShellScriptBuildPhase section */

/* Begin PBXSourcesBuildPhase section */
		00E356EA1AD99517003FC87E /* Sources */ = {
			isa = PBXSourcesBuildPhase;
			buildActionMask = 2147483647;
			files = (
				00E356F31AD99517003FC87E /* reactappTests.m in Sources */,
			);
			runOnlyForDeploymentPostprocessing = 0;
		};
		13B07F871A680F5B00A75B9A /* Sources */ = {
			isa = PBXSourcesBuildPhase;
			buildActionMask = 2147483647;
			files = (
				13B07FBC1A68108700A75B9A /* AppDelegate.m in Sources */,
				13B07FC11A68108700A75B9A /* main.m in Sources */,
			);
			runOnlyForDeploymentPostprocessing = 0;
		};
/* End PBXSourcesBuildPhase section */

/* Begin PBXTargetDependency section */
		00E356F51AD99517003FC87E /* PBXTargetDependency */ = {
			isa = PBXTargetDependency;
			target = 13B07F861A680F5B00A75B9A /* reactapp */;
			targetProxy = 00E356F41AD99517003FC87E /* PBXContainerItemProxy */;
		};
/* End PBXTargetDependency section */

/* Begin XCBuildConfiguration section */
		00E356F61AD99517003FC87E /* Debug */ = {
			isa = XCBuildConfiguration;
			buildSettings = {
				BUNDLE_LOADER = "$(TEST_HOST)";
				GCC_PREPROCESSOR_DEFINITIONS = (
					"DEBUG=1",
					"$(inherited)",
				);
				INFOPLIST_FILE = reactappTests/Info.plist;
				IPHONEOS_DEPLOYMENT_TARGET = 10.0;
				LD_RUNPATH_SEARCH_PATHS = (
					"$(inherited)",
					"@executable_path/Frameworks",
					"@loader_path/Frameworks",
				);
				OTHER_LDFLAGS = (
					"-ObjC",
					"-lc++",
					"$(inherited)",
				);
				PRODUCT_BUNDLE_IDENTIFIER = "org.reactjs.native.example.$(PRODUCT_NAME:rfc1034identifier)";
				PRODUCT_NAME = "$(TARGET_NAME)";
				TEST_HOST = "$(BUILT_PRODUCTS_DIR)/reactapp.app/reactapp";
			};
			name = Debug;
		};
		00E356F71AD99517003FC87E /* Release */ = {
			isa = XCBuildConfiguration;
			buildSettings = {
				BUNDLE_LOADER = "$(TEST_HOST)";
				COPY_PHASE_STRIP = NO;
				INFOPLIST_FILE = reactappTests/Info.plist;
				IPHONEOS_DEPLOYMENT_TARGET = 10.0;
				LD_RUNPATH_SEARCH_PATHS = (
					"$(inherited)",
					"@executable_path/Frameworks",
					"@loader_path/Frameworks",
				);
				OTHER_LDFLAGS = (
					"-ObjC",
					"-lc++",
					"$(inherited)",
				);
				PRODUCT_BUNDLE_IDENTIFIER = "org.reactjs.native.example.$(PRODUCT_NAME:rfc1034identifier)";
				PRODUCT_NAME = "$(TARGET_NAME)";
				TEST_HOST = "$(BUILT_PRODUCTS_DIR)/reactapp.app/reactapp";
			};
			name = Release;
		};
		13B07F941A680F5B00A75B9A /* Debug */ = {
			isa = XCBuildConfiguration;
			buildSettings = {
				ASSETCATALOG_COMPILER_APPICON_NAME = AppIcon;
				CLANG_ENABLE_MODULES = YES;
				CURRENT_PROJECT_VERSION = 1;
				ENABLE_BITCODE = NO;
				INFOPLIST_FILE = reactapp/Info.plist;
				LD_RUNPATH_SEARCH_PATHS = (
					"$(inherited)",
					"@executable_path/Frameworks",
				);
				OTHER_LDFLAGS = (
					"$(inherited)",
					"-ObjC",
					"-lc++",
				);
				PRODUCT_BUNDLE_IDENTIFIER = "org.reactjs.native.example.$(PRODUCT_NAME:rfc1034identifier)";
				PRODUCT_NAME = reactapp;
				SWIFT_OPTIMIZATION_LEVEL = "-Onone";
				SWIFT_VERSION = 5.0;
				VERSIONING_SYSTEM = "apple-generic";
			};
			name = Debug;
		};
		13B07F951A680F5B00A75B9A /* Release */ = {
			isa = XCBuildConfiguration;
			buildSettings = {
				ASSETCATALOG_COMPILER_APPICON_NAME = AppIcon;
				CLANG_ENABLE_MODULES = YES;
				CURRENT_PROJECT_VERSION = 1;
				INFOPLIST_FILE = reactapp/Info.plist;
				LD_RUNPATH_SEARCH_PATHS = (
					"$(inherited)",
					"@executable_path/Frameworks",
				);
				OTHER_LDFLAGS = (
					"$(inherited)",
					"-ObjC",
					"-lc++",
				);
				PRODUCT_BUNDLE_IDENTIFIER = "org.reactjs.native.example.$(PRODUCT_NAME:rfc1034identifier)";
				PRODUCT_NAME = reactapp;
				SWIFT_VERSION = 5.0;
				VERSIONING_SYSTEM = "apple-generic";
			};
			name = Release;
		};
		83CBBA201A601CBA00E9B192 /* Debug */ = {
			isa = XCBuildConfiguration;
			buildSettings = {
				ALWAYS_SEARCH_USER_PATHS = NO;
				CLANG_ANALYZER_LOCALIZABILITY_NONLOCALIZED = YES;
				CLANG_CXX_LANGUAGE_STANDARD = "gnu++0x";
				CLANG_CXX_LIBRARY = "libc++";
				CLANG_ENABLE_MODULES = YES;
				CLANG_ENABLE_OBJC_ARC = YES;
				CLANG_WARN_BLOCK_CAPTURE_AUTORELEASING = YES;
				CLANG_WARN_BOOL_CONVERSION = YES;
				CLANG_WARN_COMMA = YES;
				CLANG_WARN_CONSTANT_CONVERSION = YES;
				CLANG_WARN_DEPRECATED_OBJC_IMPLEMENTATIONS = YES;
				CLANG_WARN_DIRECT_OBJC_ISA_USAGE = YES_ERROR;
				CLANG_WARN_EMPTY_BODY = YES;
				CLANG_WARN_ENUM_CONVERSION = YES;
				CLANG_WARN_INFINITE_RECURSION = YES;
				CLANG_WARN_INT_CONVERSION = YES;
				CLANG_WARN_NON_LITERAL_NULL_CONVERSION = YES;
				CLANG_WARN_OBJC_IMPLICIT_RETAIN_SELF = YES;
				CLANG_WARN_OBJC_LITERAL_CONVERSION = YES;
				CLANG_WARN_OBJC_ROOT_CLASS = YES_ERROR;
				CLANG_WARN_QUOTED_INCLUDE_IN_FRAMEWORK_HEADER = YES;
				CLANG_WARN_RANGE_LOOP_ANALYSIS = YES;
				CLANG_WARN_STRICT_PROTOTYPES = YES;
				CLANG_WARN_SUSPICIOUS_MOVE = YES;
				CLANG_WARN_UNREACHABLE_CODE = YES;
				CLANG_WARN__DUPLICATE_METHOD_MATCH = YES;
				"CODE_SIGN_IDENTITY[sdk=iphoneos*]" = "iPhone Developer";
				COPY_PHASE_STRIP = NO;
				ENABLE_STRICT_OBJC_MSGSEND = YES;
				ENABLE_TESTABILITY = YES;
				GCC_C_LANGUAGE_STANDARD = gnu99;
				GCC_DYNAMIC_NO_PIC = NO;
				GCC_NO_COMMON_BLOCKS = YES;
				GCC_OPTIMIZATION_LEVEL = 0;
				GCC_PREPROCESSOR_DEFINITIONS = (
					"DEBUG=1",
					"$(inherited)",
				);
				GCC_SYMBOLS_PRIVATE_EXTERN = NO;
				GCC_WARN_64_TO_32_BIT_CONVERSION = YES;
				GCC_WARN_ABOUT_RETURN_TYPE = YES_ERROR;
				GCC_WARN_UNDECLARED_SELECTOR = YES;
				GCC_WARN_UNINITIALIZED_AUTOS = YES_AGGRESSIVE;
				GCC_WARN_UNUSED_FUNCTION = YES;
				GCC_WARN_UNUSED_VARIABLE = YES;
				IPHONEOS_DEPLOYMENT_TARGET = 10.0;
				LD_RUNPATH_SEARCH_PATHS = (
					/usr/lib/swift,
					"$(inherited)",
				);
				LIBRARY_SEARCH_PATHS = (
					"\"$(TOOLCHAIN_DIR)/usr/lib/swift/$(PLATFORM_NAME)\"",
					"\"$(TOOLCHAIN_DIR)/usr/lib/swift-5.0/$(PLATFORM_NAME)\"",
					"\"$(inherited)\"",
				);
				MTL_ENABLE_DEBUG_INFO = YES;
				ONLY_ACTIVE_ARCH = YES;
				SDKROOT = iphoneos;
			};
			name = Debug;
		};
		83CBBA211A601CBA00E9B192 /* Release */ = {
			isa = XCBuildConfiguration;
			buildSettings = {
				ALWAYS_SEARCH_USER_PATHS = NO;
				CLANG_ANALYZER_LOCALIZABILITY_NONLOCALIZED = YES;
				CLANG_CXX_LANGUAGE_STANDARD = "gnu++0x";
				CLANG_CXX_LIBRARY = "libc++";
				CLANG_ENABLE_MODULES = YES;
				CLANG_ENABLE_OBJC_ARC = YES;
				CLANG_WARN_BLOCK_CAPTURE_AUTORELEASING = YES;
				CLANG_WARN_BOOL_CONVERSION = YES;
				CLANG_WARN_COMMA = YES;
				CLANG_WARN_CONSTANT_CONVERSION = YES;
				CLANG_WARN_DEPRECATED_OBJC_IMPLEMENTATIONS = YES;
				CLANG_WARN_DIRECT_OBJC_ISA_USAGE = YES_ERROR;
				CLANG_WARN_EMPTY_BODY = YES;
				CLANG_WARN_ENUM_CONVERSION = YES;
				CLANG_WARN_INFINITE_RECURSION = YES;
				CLANG_WARN_INT_CONVERSION = YES;
				CLANG_WARN_NON_LITERAL_NULL_CONVERSION = YES;
				CLANG_WARN_OBJC_IMPLICIT_RETAIN_SELF = YES;
				CLANG_WARN_OBJC_LITERAL_CONVERSION = YES;
				CLANG_WARN_OBJC_ROOT_CLASS = YES_ERROR;
				CLANG_WARN_QUOTED_INCLUDE_IN_FRAMEWORK_HEADER = YES;
				CLANG_WARN_RANGE_LOOP_ANALYSIS = YES;
				CLANG_WARN_STRICT_PROTOTYPES = YES;
				CLANG_WARN_SUSPICIOUS_MOVE = YES;
				CLANG_WARN_UNREACHABLE_CODE = YES;
				CLANG_WARN__DUPLICATE_METHOD_MATCH = YES;
				"CODE_SIGN_IDENTITY[sdk=iphoneos*]" = "iPhone Developer";
				COPY_PHASE_STRIP = YES;
				ENABLE_NS_ASSERTIONS = NO;
				ENABLE_STRICT_OBJC_MSGSEND = YES;
				GCC_C_LANGUAGE_STANDARD = gnu99;
				GCC_NO_COMMON_BLOCKS = YES;
				GCC_WARN_64_TO_32_BIT_CONVERSION = YES;
				GCC_WARN_ABOUT_RETURN_TYPE = YES_ERROR;
				GCC_WARN_UNDECLARED_SELECTOR = YES;
				GCC_WARN_UNINITIALIZED_AUTOS = YES_AGGRESSIVE;
				GCC_WARN_UNUSED_FUNCTION = YES;
				GCC_WARN_UNUSED_VARIABLE = YES;
				IPHONEOS_DEPLOYMENT_TARGET = 10.0;
				LD_RUNPATH_SEARCH_PATHS = (
					/usr/lib/swift,
					"$(inherited)",
				);
				LIBRARY_SEARCH_PATHS = (
					"\"$(TOOLCHAIN_DIR)/usr/lib/swift/$(PLATFORM_NAME)\"",
					"\"$(TOOLCHAIN_DIR)/usr/lib/swift-5.0/$(PLATFORM_NAME)\"",
					"\"$(inherited)\"",
				);
				MTL_ENABLE_DEBUG_INFO = NO;
				SDKROOT = iphoneos;
				VALIDATE_PRODUCT = YES;
			};
			name = Release;
		};
/* End XCBuildConfiguration section */

/* Begin XCConfigurationList section */
		00E357021AD99517003FC87E /* Build configuration list for PBXNativeTarget "reactappTests" */ = {
			isa = XCConfigurationList;
			buildConfigurations = (
				00E356F61AD99517003FC87E /* Debug */,
				00E356F71AD99517003FC87E /* Release */,
			);
			defaultConfigurationIsVisible = 0;
			defaultConfigurationName = Release;
		};
		13B07F931A680F5B00A75B9A /* Build configuration list for PBXNativeTarget "reactapp" */ = {
			isa = XCConfigurationList;
			buildConfigurations = (
				13B07F941A680F5B00A75B9A /* Debug */,
				13B07F951A680F5B00A75B9A /* Release */,
			);
			defaultConfigurationIsVisible = 0;
			defaultConfigurationName = Release;
		};
		83CBB9FA1A601CBA00E9B192 /* Build configuration list for PBXProject "reactapp" */ = {
			isa = XCConfigurationList;
			buildConfigurations = (
				83CBBA201A601CBA00E9B192 /* Debug */,
				83CBBA211A601CBA00E9B192 /* Release */,
			);
			defaultConfigurationIsVisible = 0;
			defaultConfigurationName = Release;
		};
/* End XCConfigurationList section */
	};
	rootObject = 83CBB9F71A601CBA00E9B192 /* Project object */;
}
